{
    "_meta": {
        "hash": {
            "sha256": "4c574c30d128fa260c663a994e33ace4e3d721eac90a11220145997b03fe979f"
        },
        "pipfile-spec": 6,
        "requires": {
            "python_version": "3.11"
        },
        "sources": [
            {
                "name": "pypi",
                "url": "https://pypi.org/simple",
                "verify_ssl": true
            }
        ]
    },
    "default": {
        "asgiref": {
            "hashes": [
                "sha256:89b2ef2247e3b562a16eef663bc0e2e703ec6468e2fa8a5cd61cd449786d4f6e",
                "sha256:9e0ce3aa93a819ba5b45120216b23878cf6e8525eb3848653452b4192b92afed"
            ],
            "index": "pypi",
            "markers": "python_version >= '3.7'",
            "version": "==3.7.2"
        },
        "certifi": {
            "hashes": [
                "sha256:0569859f95fc761b18b45ef421b1290a0f65f147e92a1e5eb3e635f9a5e4e66f",
                "sha256:dc383c07b76109f368f6106eee2b593b04a011ea4d55f652c6ca24a754d1cdd1"
            ],
            "index": "pypi",
            "markers": "python_version >= '3.6'",
            "version": "==2024.2.2"
        },
        "distlib": {
            "hashes": [
                "sha256:034db59a0b96f8ca18035f36290806a9a6e6bd9d1ff91e45a7f172eb17e51784",
                "sha256:1530ea13e350031b6312d8580ddb6b27a104275a31106523b8f123787f494f64"
            ],
            "index": "pypi",
            "version": "==0.3.8"
        },
        "dj-database-url": {
            "hashes": [
                "sha256:3e792567b0aa9a4884860af05fe2aa4968071ad351e033b6db632f97ac6db9de",
                "sha256:9f9b05058ddf888f1e6f840048b8d705ff9395e3b52a07165daa3d8b9360551b"
            ],
            "version": "==2.2.0"
        },
        "django": {
            "hashes": [
                "sha256:56ab63a105e8bb06ee67381d7b65fe6774f057e41a8bab06c8020c8882d8ecd4",
                "sha256:b5bb1d11b2518a5f91372a282f24662f58f66749666b0a286ab057029f728080"
            ],
            "index": "pypi",
            "markers": "python_version >= '3.10'",
            "version": "==5.0.2"
        },
        "django-heroku": {
            "hashes": [
                "sha256:2bc690aab89eedbe01311752320a9a12e7548e3b0ed102681acc5736a41a4762",
                "sha256:6af4bc3ae4a9b55eaad6dbe5164918982d2762661aebc9f83d9fa49f6009514e"
            ],
            "index": "pypi",
            "version": "==0.3.1"
        },
        "filelock": {
            "hashes": [
                "sha256:521f5f56c50f8426f5e03ad3b281b490a87ef15bc6c526f168290f0c7148d44e",
                "sha256:57dbda9b35157b05fb3e58ee91448612eb674172fab98ee235ccb0b5bee19a1c"
            ],
            "index": "pypi",
            "markers": "python_version >= '3.8'",
            "version": "==3.13.1"
        },
        "gunicorn": {
            "hashes": [
                "sha256:ec400d38950de4dfd418cff8328b2c8faed0edb0d517d3394e457c317908ca4d",
                "sha256:f014447a0101dc57e294f6c18ca6b40227a4c90e9bdb586042628030cba004ec"
            ],
            "index": "pypi",
            "markers": "python_version >= '3.7'",
            "version": "==23.0.0"
        },
        "mysqlclient": {
            "hashes": [
                "sha256:329e4eec086a2336fe3541f1ce095d87a6f169d1cc8ba7b04ac68bcb234c9711",
                "sha256:33bc9fb3464e7d7c10b1eaf7336c5ff8f2a3d3b88bab432116ad2490beb3bf41",
                "sha256:3c318755e06df599338dad7625f884b8a71fcf322a9939ef78c9b3db93e1de7a",
                "sha256:4e80dcad884dd6e14949ac6daf769123223a52a6805345608bf49cdaf7bc8b3a",
                "sha256:9d3310295cb682232cadc28abd172f406c718b9ada41d2371259098ae37779d3",
                "sha256:9d4c015480c4a6b2b1602eccd9846103fc70606244788d04aa14b31c4bd1f0e2",
                "sha256:ac44777eab0a66c14cb0d38965572f762e193ec2e5c0723bcd11319cc5b693c5",
                "sha256:d43987bb9626096a302ca6ddcdd81feaeca65ced1d5fe892a6a66b808326aa54",
                "sha256:e1ebe3f41d152d7cb7c265349fdb7f1eca86ccb0ca24a90036cde48e00ceb2ab"
            ],
            "index": "pypi",
            "markers": "python_version >= '3.8'",
            "version": "==2.2.4"
        },
        "packaging": {
            "hashes": [
                "sha256:026ed72c8ed3fcce5bf8950572258698927fd1dbda10a5e981cdf0ac37f4f002",
                "sha256:5b8f2217dbdbd2f7f384c41c628544e6d52f2d0f53c6d0c3ea61aa5d1d7ff124"
            ],
            "markers": "python_version >= '3.8'",
            "version": "==24.1"
        },
        "pipenv": {
            "hashes": [
                "sha256:4aea73e23944e464ad2b849328e780ad121c5336e1c24a7ac15aa493c41c2341",
                "sha256:96c8af7c36691fbc648959f3f631954212398246c8cfcfa529ec09bc5d0bfd01"
            ],
            "index": "pypi",
            "markers": "python_version >= '3.8'",
            "version": "==2023.12.1"
        },
        "platformdirs": {
            "hashes": [
                "sha256:0614df2a2f37e1a662acbd8e2b25b92ccf8632929bc6d43467e17fe89c75e068",
                "sha256:ef0cc731df711022c174543cb70a9b5bd22e5a9337c8624ef2c2ceb8ddad8768"
            ],
            "index": "pypi",
            "markers": "python_version >= '3.8'",
            "version": "==4.2.0"
        },
        "psycopg2": {
            "hashes": [
                "sha256:121081ea2e76729acfb0673ff33755e8703d45e926e416cb59bae3a86c6a4981",
                "sha256:38a8dcc6856f569068b47de286b472b7c473ac7977243593a288ebce0dc89516",
                "sha256:426f9f29bde126913a20a96ff8ce7d73fd8a216cfb323b1f04da402d452853c3",
                "sha256:5e0d98cade4f0e0304d7d6f25bbfbc5bd186e07b38eac65379309c4ca3193efa",
                "sha256:7e2dacf8b009a1c1e843b5213a87f7c544b2b042476ed7755be813eaf4e8347a",
                "sha256:a7653d00b732afb6fc597e29c50ad28087dcb4fbfb28e86092277a559ae4e693",
                "sha256:ade01303ccf7ae12c356a5e10911c9e1c51136003a9a1d92f7aa9d010fb98372",
                "sha256:bac58c024c9922c23550af2a581998624d6e02350f4ae9c5f0bc642c633a2d5e",
                "sha256:c92811b2d4c9b6ea0285942b2e7cac98a59e166d59c588fe5cfe1eda58e72d59",
                "sha256:d1454bde93fb1e224166811694d600e746430c006fbb031ea06ecc2ea41bf156",
                "sha256:d735786acc7dd25815e89cc4ad529a43af779db2e25aa7c626de864127e5a024",
                "sha256:de80739447af31525feddeb8effd640782cf5998e1a4e9192ebdf829717e3913",
                "sha256:ff432630e510709564c01dafdbe996cb552e0b9f3f065eb89bdce5bd31fabf4c"
            ],
            "markers": "python_version >= '3.7'",
            "version": "==2.9.9"
        },
        "pymysql": {
            "hashes": [
                "sha256:4f13a7df8bf36a51e81dd9f3605fede45a4878fe02f9236349fd82a3f0612f96",
                "sha256:8969ec6d763c856f7073c4c64662882675702efcb114b4bcbb955aea3a069fa7"
            ],
            "index": "pypi",
            "markers": "python_version >= '3.7'",
            "version": "==1.1.0"
        },
        "setuptools": {
            "hashes": [
                "sha256:35ab7fd3bcd95e6b7fd704e4a1539513edad446c097797f2985e0e4b960772f2",
                "sha256:d59a21b17a275fb872a9c3dae73963160ae079f1049ed956880cd7c09b120538"
            ],
            "markers": "python_version >= '3.8'",
            "version": "==75.1.0"
        },
        "sqlparse": {
            "hashes": [
                "sha256:5430a4fe2ac7d0f93e66f1efc6e1338a41884b7ddf2a350cedd20ccc4d9d28f3",
                "sha256:d446183e84b8349fa3061f0fe7f06ca94ba65b426946ffebe6e3e8295332420c"
            ],
            "index": "pypi",
            "markers": "python_version >= '3.5'",
            "version": "==0.4.4"
        },
        "typing-extensions": {
            "hashes": [
                "sha256:04e5ca0351e0f3f85c6853954072df659d0d13fac324d0072316b67d7794700d",
                "sha256:1a7ead55c7e559dd4dee8856e3a88b41225abfe1ce8df57b7c13915fe121ffb8"
            ],
            "markers": "python_version >= '3.8'",
            "version": "==4.12.2"
        },
        "tzdata": {
            "hashes": [
                "sha256:2674120f8d891909751c38abcdfd386ac0a5a1127954fbc332af6b5ceae07efd",
                "sha256:9068bc196136463f5245e51efda838afa15aaeca9903f49050dfa2679db4d252"
            ],
            "index": "pypi",
            "markers": "python_version >= '2'",
            "version": "==2024.1"
        },
        "virtualenv": {
            "hashes": [
                "sha256:4238949c5ffe6876362d9c0180fc6c3a824a7b12b80604eeb8085f2ed7460de3",
                "sha256:bf51c0d9c7dd63ea8e44086fa1e4fb1093a31e963b86959257378aef020e1f1b"
            ],
            "index": "pypi",
            "markers": "python_version >= '3.7'",
            "version": "==20.25.0"
        },
        "whitenoise": {
            "hashes": [
                "sha256:58c7a6cd811e275a6c91af22e96e87da0b1109e9a53bb7464116ef4c963bf636",
                "sha256:a1ae85e01fdc9815d12fa33f17765bc132ed2c54fa76daf9e39e879dd93566f6"
            ],
            "markers": "python_version >= '3.8'",
            "version": "==6.7.0"
        }
    },
    "develop": {}
}
